
Microsoft Visual Studio Solution File, Format Version 12.00
# Visual Studio Version 17
VisualStudioVersion = 17.6.33815.320
MinimumVisualStudioVersion = 10.0.40219.1
Project("{9A19103F-16F7-4668-BE54-9A1E7A4F7556}") = "API", "API\API.csproj", "{AA47F0C3-C393-405A-B893-C710AABE7FF0}"
EndProject
Project("{9A19103F-16F7-4668-BE54-9A1E7A4F7556}") = "ClientApp", "ClientApp\ClientApp.csproj", "{E373DA04-0063-4A37-8D67-48A79B2B2973}"
EndProject
Project("{9A19103F-16F7-4668-BE54-9A1E7A4F7556}") = "BusinessObject", "BusinessObject\BusinessObject.csproj", "{C35615AD-1BAB-422E-A318-47411E4DCD5B}"
EndProject
Project("{9A19103F-16F7-4668-BE54-9A1E7A4F7556}") = "DataAccessLayer", "DataAccessLayer\DataAccessLayer.csproj", "{F40BCE2B-AFEC-4CEA-B0AA-79968E2DF9A2}"
EndProject
Project("{2150E333-8FDC-42A3-9474-1A3956D46DE8}") = "Back-end", "Back-end", "{2C68DACC-82CF-4AAD-8B00-9789256DB33B}"
EndProject
Project("{2150E333-8FDC-42A3-9474-1A3956D46DE8}") = "Front-end", "Front-end", "{715FC721-1532-451F-BD6A-F6E542471D31}"
EndProject
Global
	GlobalSection(SolutionConfigurationPlatforms) = preSolution
		Debug|Any CPU = Debug|Any CPU
		Release|Any CPU = Release|Any CPU
	EndGlobalSection
	GlobalSection(ProjectConfigurationPlatforms) = postSolution
		{AA47F0C3-C393-405A-B893-C710AABE7FF0}.Debug|Any CPU.ActiveCfg = Debug|Any CPU
		{AA47F0C3-C393-405A-B893-C710AABE7FF0}.Debug|Any CPU.Build.0 = Debug|Any CPU
		{AA47F0C3-C393-405A-B893-C710AABE7FF0}.Release|Any CPU.ActiveCfg = Release|Any CPU
		{AA47F0C3-C393-405A-B893-C710AABE7FF0}.Release|Any CPU.Build.0 = Release|Any CPU
		{E373DA04-0063-4A37-8D67-48A79B2B2973}.Debug|Any CPU.ActiveCfg = Debug|Any CPU
		{E373DA04-0063-4A37-8D67-48A79B2B2973}.Debug|Any CPU.Build.0 = Debug|Any CPU
		{E373DA04-0063-4A37-8D67-48A79B2B2973}.Release|Any CPU.ActiveCfg = Release|Any CPU
		{E373DA04-0063-4A37-8D67-48A79B2B2973}.Release|Any CPU.Build.0 = Release|Any CPU
		{C35615AD-1BAB-422E-A318-47411E4DCD5B}.Debug|Any CPU.ActiveCfg = Debug|Any CPU
		{C35615AD-1BAB-422E-A318-47411E4DCD5B}.Debug|Any CPU.Build.0 = Debug|Any CPU
		{C35615AD-1BAB-422E-A318-47411E4DCD5B}.Release|Any CPU.ActiveCfg = Release|Any CPU
		{C35615AD-1BAB-422E-A318-47411E4DCD5B}.Release|Any CPU.Build.0 = Release|Any CPU
		{F40BCE2B-AFEC-4CEA-B0AA-79968E2DF9A2}.Debug|Any CPU.ActiveCfg = Debug|Any CPU
		{F40BCE2B-AFEC-4CEA-B0AA-79968E2DF9A2}.Debug|Any CPU.Build.0 = Debug|Any CPU
		{F40BCE2B-AFEC-4CEA-B0AA-79968E2DF9A2}.Release|Any CPU.ActiveCfg = Release|Any CPU
		{F40BCE2B-AFEC-4CEA-B0AA-79968E2DF9A2}.Release|Any CPU.Build.0 = Release|Any CPU
	EndGlobalSection
	GlobalSection(SolutionProperties) = preSolution
		HideSolutionNode = FALSE
	EndGlobalSection
	GlobalSection(NestedProjects) = preSolution
		{AA47F0C3-C393-405A-B893-C710AABE7FF0} = {2C68DACC-82CF-4AAD-8B00-9789256DB33B}
		{E373DA04-0063-4A37-8D67-48A79B2B2973} = {715FC721-1532-451F-BD6A-F6E542471D31}
		{C35615AD-1BAB-422E-A318-47411E4DCD5B} = {2C68DACC-82CF-4AAD-8B00-9789256DB33B}
		{F40BCE2B-AFEC-4CEA-B0AA-79968E2DF9A2} = {2C68DACC-82CF-4AAD-8B00-9789256DB33B}
	EndGlobalSection
	GlobalSection(ExtensibilityGlobals) = postSolution
		SolutionGuid = {ADAC5322-F93A-486F-BC43-756457AE1930}
	EndGlobalSection
EndGlobal
